Microsoft Visual Studio Solution File, Format Version 12.00
# Visual Studio Version 17
VisualStudioVersion = 17.5.2.0
MinimumVisualStudioVersion = 10.0.40219.1
Project("{FAE04EC0-301F-11D3-BF4B-00C04F79EFBC}") = "Account", "Account\Account.csproj", "{5281ACB6-CE5D-7DB5-CDB0-A6DEF3706577}"
EndProject
Project("{FAE04EC0-301F-11D3-BF4B-00C04F79EFBC}") = "Array", "Array\Array.csproj", "{2BD1D60D-3A5D-D012-068D-B8B5E79F8D0E}"
EndProject
Project("{FAE04EC0-301F-11D3-BF4B-00C04F79EFBC}") = "BankTransactions", "BankTransactions\BankTransactions.csproj", "{4111060E-7807-E7B9-6265-AD73656C92ED}"
EndProject
Project("{FAE04EC0-301F-11D3-BF4B-00C04F79EFBC}") = "FileReader", "FileReader\FileReader.csproj", "{C21433C3-D588-A3CA-296D-0F5E3F7BFAF7}"
EndProject
Project("{FAE04EC0-301F-11D3-BF4B-00C04F79EFBC}") = "Hellouser", "Hellouser\Hellouser.csproj", "{08B4324A-803F-FDFB-0E6F-07D16097F092}"
EndProject
Project("{FAE04EC0-301F-11D3-BF4B-00C04F79EFBC}") = "LightBulb", "LightBulb\LightBulb.csproj", "{0E8E4E34-542E-849B-B743-E367D0D68DED}"
EndProject
Project("{FAE04EC0-301F-11D3-BF4B-00C04F79EFBC}") = "List", "List\List.csproj", "{20AFD87F-23EB-E3AC-30C0-91CCFCD04598}"
EndProject
Project("{FAE04EC0-301F-11D3-BF4B-00C04F79EFBC}") = "MakeAScence", "MakeAScence\MakeAScence.csproj", "{2F394C4D-859F-7698-0E4B-2D137440D5D7}"
EndProject
Project("{FAE04EC0-301F-11D3-BF4B-00C04F79EFBC}") = "ManyAccounts", "ManyAccounts\ManyAccounts.csproj", "{ACDF6889-1E4E-9DBC-FE1C-8DBF037EBDFE}"
EndProject
Project("{FAE04EC0-301F-11D3-BF4B-00C04F79EFBC}") = "MessageServer", "MessageServer\MessageServer.csproj", "{CDCF2F7B-5A52-44B4-A542-F5EBFEFCBB2F}"
EndProject
Project("{2150E333-8FDC-42A3-9474-1A3956D46DE8}") = "Messy", "Messy", "{3D90B091-7FBC-A9E2-F7DB-100EBA725DDF}"
EndProject
Project("{FAE04EC0-301F-11D3-BF4B-00C04F79EFBC}") = "MovingThePlayer", "MovingThePlayer\MovingThePlayer.csproj", "{0A3C2C4C-E921-BA0D-B640-82C26D2DFFDD}"
EndProject
Project("{FAE04EC0-301F-11D3-BF4B-00C04F79EFBC}") = "MySplashKitApp", "MySplashKitApp\MySplashKitApp.csproj", "{E5CE6B6F-C7B5-D599-D03F-1437D54B939D}"
EndProject
Project("{FAE04EC0-301F-11D3-BF4B-00C04F79EFBC}") = "NameTester", "NameTester\NameTester.csproj", "{DD3A9016-E346-860F-8284-440FF2E6DBB4}"
EndProject
Project("{2150E333-8FDC-42A3-9474-1A3956D46DE8}") = "NameTester3.1", "NameTester3.1", "{3382C264-8871-BCA6-A38A-1F751C26D3E3}"
EndProject
Project("{FAE04EC0-301F-11D3-BF4B-00C04F79EFBC}") = "PeerChat", "PeerChat\PeerChat.csproj", "{5D892066-2B00-1063-9AEB-1EFB793505CE}"
EndProject
Project("{FAE04EC0-301F-11D3-BF4B-00C04F79EFBC}") = "RobotDodge", "RobotDodge\RobotDodge.csproj", "{4A86D59F-1C3C-C18B-87A7-BE75C7C438F8}"
EndProject
Project("{2150E333-8FDC-42A3-9474-1A3956D46DE8}") = "RobotDodge4", "RobotDodge4", "{D9154A90-213D-67F9-B80B-689DCC6038D2}"
EndProject
Project("{2150E333-8FDC-42A3-9474-1A3956D46DE8}") = "RobotDodge5", "RobotDodge5", "{C2749ED0-B739-900B-F349-AF88D47420CB}"
EndProject
Project("{2150E333-8FDC-42A3-9474-1A3956D46DE8}") = "RobotDodge6", "RobotDodge6", "{DC3E167A-8C21-8B84-3838-E1CEF8EC3BC1}"
EndProject
Project("{FAE04EC0-301F-11D3-BF4B-00C04F79EFBC}") = "ValidatingAccount", "ValidatingAccount\ValidatingAccount.csproj", "{41F7AC14-41DD-DD97-1CE1-9AD3645537EF}"
EndProject
Project("{FAE04EC0-301F-11D3-BF4B-00C04F79EFBC}") = "WaterTank", "WaterTank\WaterTank.csproj", "{6C639420-F27F-7CF9-E05D-526A6A86872F}"
EndProject
Project("{FAE04EC0-301F-11D3-BF4B-00C04F79EFBC}") = "MovingThePlayer", "Messy\MovingThePlayer.csproj", "{978D02B5-9F8F-3B19-332E-26B4A75C4158}"
EndProject
Project("{FAE04EC0-301F-11D3-BF4B-00C04F79EFBC}") = "NameTester3_1", "NameTester3.1\NameTester3_1.csproj", "{42942117-7E1C-B29B-59ED-9AF020D3A14E}"
EndProject
Project("{FAE04EC0-301F-11D3-BF4B-00C04F79EFBC}") = "MovingThePlayer", "RobotDodge4\MovingThePlayer.csproj", "{8CCB7CCD-8F6C-0293-C286-1D4ABB173893}"
EndProject
Project("{FAE04EC0-301F-11D3-BF4B-00C04F79EFBC}") = "MovingThePlayer", "RobotDodge6\MovingThePlayer.csproj", "{F99234BA-06B7-7577-770E-393125AF7BC3}"
EndProject
Global
	GlobalSection(SolutionConfigurationPlatforms) = preSolution
		Debug|Any CPU = Debug|Any CPU
		Release|Any CPU = Release|Any CPU
	EndGlobalSection
	GlobalSection(ProjectConfigurationPlatforms) = postSolution
		{5281ACB6-CE5D-7DB5-CDB0-A6DEF3706577}.Debug|Any CPU.ActiveCfg = Debug|Any CPU
		{5281ACB6-CE5D-7DB5-CDB0-A6DEF3706577}.Debug|Any CPU.Build.0 = Debug|Any CPU
		{5281ACB6-CE5D-7DB5-CDB0-A6DEF3706577}.Release|Any CPU.ActiveCfg = Release|Any CPU
		{5281ACB6-CE5D-7DB5-CDB0-A6DEF3706577}.Release|Any CPU.Build.0 = Release|Any CPU
		{2BD1D60D-3A5D-D012-068D-B8B5E79F8D0E}.Debug|Any CPU.ActiveCfg = Debug|Any CPU
		{2BD1D60D-3A5D-D012-068D-B8B5E79F8D0E}.Debug|Any CPU.Build.0 = Debug|Any CPU
		{2BD1D60D-3A5D-D012-068D-B8B5E79F8D0E}.Release|Any CPU.ActiveCfg = Release|Any CPU
		{2BD1D60D-3A5D-D012-068D-B8B5E79F8D0E}.Release|Any CPU.Build.0 = Release|Any CPU
		{4111060E-7807-E7B9-6265-AD73656C92ED}.Debug|Any CPU.ActiveCfg = Debug|Any CPU
		{4111060E-7807-E7B9-6265-AD73656C92ED}.Debug|Any CPU.Build.0 = Debug|Any CPU
		{4111060E-7807-E7B9-6265-AD73656C92ED}.Release|Any CPU.ActiveCfg = Release|Any CPU
		{4111060E-7807-E7B9-6265-AD73656C92ED}.Release|Any CPU.Build.0 = Release|Any CPU
		{C21433C3-D588-A3CA-296D-0F5E3F7BFAF7}.Debug|Any CPU.ActiveCfg = Debug|Any CPU
		{C21433C3-D588-A3CA-296D-0F5E3F7BFAF7}.Debug|Any CPU.Build.0 = Debug|Any CPU
		{C21433C3-D588-A3CA-296D-0F5E3F7BFAF7}.Release|Any CPU.ActiveCfg = Release|Any CPU
		{C21433C3-D588-A3CA-296D-0F5E3F7BFAF7}.Release|Any CPU.Build.0 = Release|Any CPU
		{08B4324A-803F-FDFB-0E6F-07D16097F092}.Debug|Any CPU.ActiveCfg = Debug|Any CPU
		{08B4324A-803F-FDFB-0E6F-07D16097F092}.Debug|Any CPU.Build.0 = Debug|Any CPU
		{08B4324A-803F-FDFB-0E6F-07D16097F092}.Release|Any CPU.ActiveCfg = Release|Any CPU
		{08B4324A-803F-FDFB-0E6F-07D16097F092}.Release|Any CPU.Build.0 = Release|Any CPU
		{0E8E4E34-542E-849B-B743-E367D0D68DED}.Debug|Any CPU.ActiveCfg = Debug|Any CPU
		{0E8E4E34-542E-849B-B743-E367D0D68DED}.Debug|Any CPU.Build.0 = Debug|Any CPU
		{0E8E4E34-542E-849B-B743-E367D0D68DED}.Release|Any CPU.ActiveCfg = Release|Any CPU
		{0E8E4E34-542E-849B-B743-E367D0D68DED}.Release|Any CPU.Build.0 = Release|Any CPU
		{20AFD87F-23EB-E3AC-30C0-91CCFCD04598}.Debug|Any CPU.ActiveCfg = Debug|Any CPU
		{20AFD87F-23EB-E3AC-30C0-91CCFCD04598}.Debug|Any CPU.Build.0 = Debug|Any CPU
		{20AFD87F-23EB-E3AC-30C0-91CCFCD04598}.Release|Any CPU.ActiveCfg = Release|Any CPU
		{20AFD87F-23EB-E3AC-30C0-91CCFCD04598}.Release|Any CPU.Build.0 = Release|Any CPU
		{2F394C4D-859F-7698-0E4B-2D137440D5D7}.Debug|Any CPU.ActiveCfg = Debug|Any CPU
		{2F394C4D-859F-7698-0E4B-2D137440D5D7}.Debug|Any CPU.Build.0 = Debug|Any CPU
		{2F394C4D-859F-7698-0E4B-2D137440D5D7}.Release|Any CPU.ActiveCfg = Release|Any CPU
		{2F394C4D-859F-7698-0E4B-2D137440D5D7}.Release|Any CPU.Build.0 = Release|Any CPU
		{ACDF6889-1E4E-9DBC-FE1C-8DBF037EBDFE}.Debug|Any CPU.ActiveCfg = Debug|Any CPU
		{ACDF6889-1E4E-9DBC-FE1C-8DBF037EBDFE}.Debug|Any CPU.Build.0 = Debug|Any CPU
		{ACDF6889-1E4E-9DBC-FE1C-8DBF037EBDFE}.Release|Any CPU.ActiveCfg = Release|Any CPU
		{ACDF6889-1E4E-9DBC-FE1C-8DBF037EBDFE}.Release|Any CPU.Build.0 = Release|Any CPU
		{CDCF2F7B-5A52-44B4-A542-F5EBFEFCBB2F}.Debug|Any CPU.ActiveCfg = Debug|Any CPU
		{CDCF2F7B-5A52-44B4-A542-F5EBFEFCBB2F}.Debug|Any CPU.Build.0 = Debug|Any CPU
		{CDCF2F7B-5A52-44B4-A542-F5EBFEFCBB2F}.Release|Any CPU.ActiveCfg = Release|Any CPU
		{CDCF2F7B-5A52-44B4-A542-F5EBFEFCBB2F}.Release|Any CPU.Build.0 = Release|Any CPU
		{0A3C2C4C-E921-BA0D-B640-82C26D2DFFDD}.Debug|Any CPU.ActiveCfg = Debug|Any CPU
		{0A3C2C4C-E921-BA0D-B640-82C26D2DFFDD}.Debug|Any CPU.Build.0 = Debug|Any CPU
		{0A3C2C4C-E921-BA0D-B640-82C26D2DFFDD}.Release|Any CPU.ActiveCfg = Release|Any CPU
		{0A3C2C4C-E921-BA0D-B640-82C26D2DFFDD}.Release|Any CPU.Build.0 = Release|Any CPU
		{E5CE6B6F-C7B5-D599-D03F-1437D54B939D}.Debug|Any CPU.ActiveCfg = Debug|Any CPU
		{E5CE6B6F-C7B5-D599-D03F-1437D54B939D}.Debug|Any CPU.Build.0 = Debug|Any CPU
		{E5CE6B6F-C7B5-D599-D03F-1437D54B939D}.Release|Any CPU.ActiveCfg = Release|Any CPU
		{E5CE6B6F-C7B5-D599-D03F-1437D54B939D}.Release|Any CPU.Build.0 = Release|Any CPU
		{DD3A9016-E346-860F-8284-440FF2E6DBB4}.Debug|Any CPU.ActiveCfg = Debug|Any CPU
		{DD3A9016-E346-860F-8284-440FF2E6DBB4}.Debug|Any CPU.Build.0 = Debug|Any CPU
		{DD3A9016-E346-860F-8284-440FF2E6DBB4}.Release|Any CPU.ActiveCfg = Release|Any CPU
		{DD3A9016-E346-860F-8284-440FF2E6DBB4}.Release|Any CPU.Build.0 = Release|Any CPU
		{5D892066-2B00-1063-9AEB-1EFB793505CE}.Debug|Any CPU.ActiveCfg = Debug|Any CPU
		{5D892066-2B00-1063-9AEB-1EFB793505CE}.Debug|Any CPU.Build.0 = Debug|Any CPU
		{5D892066-2B00-1063-9AEB-1EFB793505CE}.Release|Any CPU.ActiveCfg = Release|Any CPU
		{5D892066-2B00-1063-9AEB-1EFB793505CE}.Release|Any CPU.Build.0 = Release|Any CPU
		{4A86D59F-1C3C-C18B-87A7-BE75C7C438F8}.Debug|Any CPU.ActiveCfg = Debug|Any CPU
		{4A86D59F-1C3C-C18B-87A7-BE75C7C438F8}.Debug|Any CPU.Build.0 = Debug|Any CPU
		{4A86D59F-1C3C-C18B-87A7-BE75C7C438F8}.Release|Any CPU.ActiveCfg = Release|Any CPU
		{4A86D59F-1C3C-C18B-87A7-BE75C7C438F8}.Release|Any CPU.Build.0 = Release|Any CPU
		{41F7AC14-41DD-DD97-1CE1-9AD3645537EF}.Debug|Any CPU.ActiveCfg = Debug|Any CPU
		{41F7AC14-41DD-DD97-1CE1-9AD3645537EF}.Debug|Any CPU.Build.0 = Debug|Any CPU
		{41F7AC14-41DD-DD97-1CE1-9AD3645537EF}.Release|Any CPU.ActiveCfg = Release|Any CPU
		{41F7AC14-41DD-DD97-1CE1-9AD3645537EF}.Release|Any CPU.Build.0 = Release|Any CPU
		{6C639420-F27F-7CF9-E05D-526A6A86872F}.Debug|Any CPU.ActiveCfg = Debug|Any CPU
		{6C639420-F27F-7CF9-E05D-526A6A86872F}.Debug|Any CPU.Build.0 = Debug|Any CPU
		{6C639420-F27F-7CF9-E05D-526A6A86872F}.Release|Any CPU.ActiveCfg = Release|Any CPU
		{6C639420-F27F-7CF9-E05D-526A6A86872F}.Release|Any CPU.Build.0 = Release|Any CPU
		{978D02B5-9F8F-3B19-332E-26B4A75C4158}.Debug|Any CPU.ActiveCfg = Debug|Any CPU
		{978D02B5-9F8F-3B19-332E-26B4A75C4158}.Debug|Any CPU.Build.0 = Debug|Any CPU
		{978D02B5-9F8F-3B19-332E-26B4A75C4158}.Release|Any CPU.ActiveCfg = Release|Any CPU
		{978D02B5-9F8F-3B19-332E-26B4A75C4158}.Release|Any CPU.Build.0 = Release|Any CPU
		{42942117-7E1C-B29B-59ED-9AF020D3A14E}.Debug|Any CPU.ActiveCfg = Debug|Any CPU
		{42942117-7E1C-B29B-59ED-9AF020D3A14E}.Debug|Any CPU.Build.0 = Debug|Any CPU
		{42942117-7E1C-B29B-59ED-9AF020D3A14E}.Release|Any CPU.ActiveCfg = Release|Any CPU
		{42942117-7E1C-B29B-59ED-9AF020D3A14E}.Release|Any CPU.Build.0 = Release|Any CPU
		{8CCB7CCD-8F6C-0293-C286-1D4ABB173893}.Debug|Any CPU.ActiveCfg = Debug|Any CPU
		{8CCB7CCD-8F6C-0293-C286-1D4ABB173893}.Debug|Any CPU.Build.0 = Debug|Any CPU
		{8CCB7CCD-8F6C-0293-C286-1D4ABB173893}.Release|Any CPU.ActiveCfg = Release|Any CPU
		{8CCB7CCD-8F6C-0293-C286-1D4ABB173893}.Release|Any CPU.Build.0 = Release|Any CPU
		{F99234BA-06B7-7577-770E-393125AF7BC3}.Debug|Any CPU.ActiveCfg = Debug|Any CPU
		{F99234BA-06B7-7577-770E-393125AF7BC3}.Debug|Any CPU.Build.0 = Debug|Any CPU
		{F99234BA-06B7-7577-770E-393125AF7BC3}.Release|Any CPU.ActiveCfg = Release|Any CPU
		{F99234BA-06B7-7577-770E-393125AF7BC3}.Release|Any CPU.Build.0 = Release|Any CPU
	EndGlobalSection
	GlobalSection(SolutionProperties) = preSolution
		HideSolutionNode = FALSE
	EndGlobalSection
	GlobalSection(NestedProjects) = preSolution
		{978D02B5-9F8F-3B19-332E-26B4A75C4158} = {3D90B091-7FBC-A9E2-F7DB-100EBA725DDF}
		{42942117-7E1C-B29B-59ED-9AF020D3A14E} = {3382C264-8871-BCA6-A38A-1F751C26D3E3}
		{8CCB7CCD-8F6C-0293-C286-1D4ABB173893} = {D9154A90-213D-67F9-B80B-689DCC6038D2}
		{F99234BA-06B7-7577-770E-393125AF7BC3} = {DC3E167A-8C21-8B84-3838-E1CEF8EC3BC1}
	EndGlobalSection
	GlobalSection(ExtensibilityGlobals) = postSolution
		SolutionGuid = {69C25609-D5ED-4648-9BC1-AB7A8931B934}
	EndGlobalSection
EndGlobal
