Microsoft Visual Studio Solution File, Format Version 12.00
# Visual Studio Version 17
VisualStudioVersion = 17.5.2.0
MinimumVisualStudioVersion = 10.0.40219.1
Project("{FAE04EC0-301F-11D3-BF4B-00C04F79EFBC}") = "FileReader", "FileReader\FileReader.csproj", "{C21433C3-D588-A3CA-296D-0F5E3F7BFAF7}"
EndProject
Project("{FAE04EC0-301F-11D3-BF4B-00C04F79EFBC}") = "Hellouser", "Hellouser\Hellouser.csproj", "{08B4324A-803F-FDFB-0E6F-07D16097F092}"
EndProject
Project("{FAE04EC0-301F-11D3-BF4B-00C04F79EFBC}") = "LightBulb", "LightBulb\LightBulb.csproj", "{0E8E4E34-542E-849B-B743-E367D0D68DED}"
EndProject
Project("{FAE04EC0-301F-11D3-BF4B-00C04F79EFBC}") = "MessageServer", "MessageServer\MessageServer.csproj", "{CDCF2F7B-5A52-44B4-A542-F5EBFEFCBB2F}"
EndProject
Project("{FAE04EC0-301F-11D3-BF4B-00C04F79EFBC}") = "MySplashKitApp", "MySplashKitApp\MySplashKitApp.csproj", "{E5CE6B6F-C7B5-D599-D03F-1437D54B939D}"
EndProject
Project("{FAE04EC0-301F-11D3-BF4B-00C04F79EFBC}") = "PeerChat", "PeerChat\PeerChat.csproj", "{5D892066-2B00-1063-9AEB-1EFB793505CE}"
EndProject
Project("{FAE04EC0-301F-11D3-BF4B-00C04F79EFBC}") = "WaterTank", "WaterTank\WaterTank.csproj", "{6C639420-F27F-7CF9-E05D-526A6A86872F}"
EndProject
Global
	GlobalSection(SolutionConfigurationPlatforms) = preSolution
		Debug|Any CPU = Debug|Any CPU
		Release|Any CPU = Release|Any CPU
	EndGlobalSection
	GlobalSection(ProjectConfigurationPlatforms) = postSolution
		{C21433C3-D588-A3CA-296D-0F5E3F7BFAF7}.Debug|Any CPU.ActiveCfg = Debug|Any CPU
		{C21433C3-D588-A3CA-296D-0F5E3F7BFAF7}.Debug|Any CPU.Build.0 = Debug|Any CPU
		{C21433C3-D588-A3CA-296D-0F5E3F7BFAF7}.Release|Any CPU.ActiveCfg = Release|Any CPU
		{C21433C3-D588-A3CA-296D-0F5E3F7BFAF7}.Release|Any CPU.Build.0 = Release|Any CPU
		{08B4324A-803F-FDFB-0E6F-07D16097F092}.Debug|Any CPU.ActiveCfg = Debug|Any CPU
		{08B4324A-803F-FDFB-0E6F-07D16097F092}.Debug|Any CPU.Build.0 = Debug|Any CPU
		{08B4324A-803F-FDFB-0E6F-07D16097F092}.Release|Any CPU.ActiveCfg = Release|Any CPU
		{08B4324A-803F-FDFB-0E6F-07D16097F092}.Release|Any CPU.Build.0 = Release|Any CPU
		{0E8E4E34-542E-849B-B743-E367D0D68DED}.Debug|Any CPU.ActiveCfg = Debug|Any CPU
		{0E8E4E34-542E-849B-B743-E367D0D68DED}.Debug|Any CPU.Build.0 = Debug|Any CPU
		{0E8E4E34-542E-849B-B743-E367D0D68DED}.Release|Any CPU.ActiveCfg = Release|Any CPU
		{0E8E4E34-542E-849B-B743-E367D0D68DED}.Release|Any CPU.Build.0 = Release|Any CPU
		{CDCF2F7B-5A52-44B4-A542-F5EBFEFCBB2F}.Debug|Any CPU.ActiveCfg = Debug|Any CPU
		{CDCF2F7B-5A52-44B4-A542-F5EBFEFCBB2F}.Debug|Any CPU.Build.0 = Debug|Any CPU
		{CDCF2F7B-5A52-44B4-A542-F5EBFEFCBB2F}.Release|Any CPU.ActiveCfg = Release|Any CPU
		{CDCF2F7B-5A52-44B4-A542-F5EBFEFCBB2F}.Release|Any CPU.Build.0 = Release|Any CPU
		{E5CE6B6F-C7B5-D599-D03F-1437D54B939D}.Debug|Any CPU.ActiveCfg = Debug|Any CPU
		{E5CE6B6F-C7B5-D599-D03F-1437D54B939D}.Debug|Any CPU.Build.0 = Debug|Any CPU
		{E5CE6B6F-C7B5-D599-D03F-1437D54B939D}.Release|Any CPU.ActiveCfg = Release|Any CPU
		{E5CE6B6F-C7B5-D599-D03F-1437D54B939D}.Release|Any CPU.Build.0 = Release|Any CPU
		{5D892066-2B00-1063-9AEB-1EFB793505CE}.Debug|Any CPU.ActiveCfg = Debug|Any CPU
		{5D892066-2B00-1063-9AEB-1EFB793505CE}.Debug|Any CPU.Build.0 = Debug|Any CPU
		{5D892066-2B00-1063-9AEB-1EFB793505CE}.Release|Any CPU.ActiveCfg = Release|Any CPU
		{5D892066-2B00-1063-9AEB-1EFB793505CE}.Release|Any CPU.Build.0 = Release|Any CPU
		{6C639420-F27F-7CF9-E05D-526A6A86872F}.Debug|Any CPU.ActiveCfg = Debug|Any CPU
		{6C639420-F27F-7CF9-E05D-526A6A86872F}.Debug|Any CPU.Build.0 = Debug|Any CPU
		{6C639420-F27F-7CF9-E05D-526A6A86872F}.Release|Any CPU.ActiveCfg = Release|Any CPU
		{6C639420-F27F-7CF9-E05D-526A6A86872F}.Release|Any CPU.Build.0 = Release|Any CPU
	EndGlobalSection
	GlobalSection(SolutionProperties) = preSolution
		HideSolutionNode = FALSE
	EndGlobalSection
	GlobalSection(ExtensibilityGlobals) = postSolution
		SolutionGuid = {A82B847A-1FE8-4E56-9761-EDEA67443C30}
	EndGlobalSection
EndGlobal
